
Microsoft Visual Studio Solution File, Format Version 12.00
# Visual Studio Version 17
VisualStudioVersion = 17.5.33627.172
MinimumVisualStudioVersion = 10.0.40219.1
Project("{9A19103F-16F7-4668-BE54-9A1E7A4F7556}") = "ECommerceApp.Blazor.Server", "ECommerceApp.Blazor\Server\ECommerceApp.Blazor.Server.csproj", "{8DC3FD33-E9E7-4515-AFC2-9320C792327D}"
EndProject
Project("{9A19103F-16F7-4668-BE54-9A1E7A4F7556}") = "ECommerceApp.Blazor.Client", "ECommerceApp.Blazor\Client\ECommerceApp.Blazor.Client.csproj", "{A84556D2-65CC-40A0-8E7D-3838864EAE0C}"
EndProject
Project("{9A19103F-16F7-4668-BE54-9A1E7A4F7556}") = "ECommerceApp.Blazor.Shared", "ECommerceApp.Blazor\Shared\ECommerceApp.Blazor.Shared.csproj", "{D9363D8C-09F9-46AC-8DB5-E629B44E90FF}"
EndProject
Project("{9A19103F-16F7-4668-BE54-9A1E7A4F7556}") = "ECommerceApp.Entities", "ECommerceApp.Entities\ECommerceApp.Entities.csproj", "{668A733B-BEE8-442F-BB1F-ECAE5330FFC5}"
EndProject
Project("{9A19103F-16F7-4668-BE54-9A1E7A4F7556}") = "ECommerceApp.DataAccess", "ECommerceApp.DataAccess\ECommerceApp.DataAccess.csproj", "{B49C3157-F00C-4F6C-AC8A-09F2EAA91939}"
EndProject
Project("{2150E333-8FDC-42A3-9474-1A3956D46DE8}") = "00. Frontend", "00. Frontend", "{86F1606B-6FC9-4678-8A3B-639D3AF04690}"
EndProject
Project("{2150E333-8FDC-42A3-9474-1A3956D46DE8}") = "01. Backend", "01. Backend", "{96E2EA8E-6A24-4E59-926D-105969E15ED1}"
EndProject
Project("{2150E333-8FDC-42A3-9474-1A3956D46DE8}") = "00. Dominio", "00. Dominio", "{15862046-2D5D-4463-AAFC-EECC53E6179A}"
EndProject
Project("{2150E333-8FDC-42A3-9474-1A3956D46DE8}") = "02. Persistencia", "02. Persistencia", "{F7E2FD1C-6C4E-47E8-AD25-9074D8768E3F}"
EndProject
Project("{2150E333-8FDC-42A3-9474-1A3956D46DE8}") = "03 Infraestructura", "03 Infraestructura", "{67847532-C1F1-47C3-9EAB-36CC3F2B6DAB}"
EndProject
Project("{2150E333-8FDC-42A3-9474-1A3956D46DE8}") = "04. API REST", "04. API REST", "{25F1D226-B3D7-48F5-9E96-32F6364DE31F}"
EndProject
Project("{FAE04EC0-301F-11D3-BF4B-00C04F79EFBC}") = "ECommerceApp.Repositories", "ECommerceApp.Repositories\ECommerceApp.Repositories.csproj", "{F1989016-B9AA-4AC1-B915-97551440DF6D}"
EndProject
Project("{FAE04EC0-301F-11D3-BF4B-00C04F79EFBC}") = "ECommerceApp.Services", "ECommerceApp.Services\ECommerceApp.Services.csproj", "{D9F21C41-E67D-4243-990D-CFB6DAB2CB53}"
EndProject
Global
	GlobalSection(SolutionConfigurationPlatforms) = preSolution
		Debug|Any CPU = Debug|Any CPU
		Release|Any CPU = Release|Any CPU
	EndGlobalSection
	GlobalSection(ProjectConfigurationPlatforms) = postSolution
		{8DC3FD33-E9E7-4515-AFC2-9320C792327D}.Debug|Any CPU.ActiveCfg = Debug|Any CPU
		{8DC3FD33-E9E7-4515-AFC2-9320C792327D}.Debug|Any CPU.Build.0 = Debug|Any CPU
		{8DC3FD33-E9E7-4515-AFC2-9320C792327D}.Release|Any CPU.ActiveCfg = Release|Any CPU
		{8DC3FD33-E9E7-4515-AFC2-9320C792327D}.Release|Any CPU.Build.0 = Release|Any CPU
		{A84556D2-65CC-40A0-8E7D-3838864EAE0C}.Debug|Any CPU.ActiveCfg = Debug|Any CPU
		{A84556D2-65CC-40A0-8E7D-3838864EAE0C}.Debug|Any CPU.Build.0 = Debug|Any CPU
		{A84556D2-65CC-40A0-8E7D-3838864EAE0C}.Release|Any CPU.ActiveCfg = Release|Any CPU
		{A84556D2-65CC-40A0-8E7D-3838864EAE0C}.Release|Any CPU.Build.0 = Release|Any CPU
		{D9363D8C-09F9-46AC-8DB5-E629B44E90FF}.Debug|Any CPU.ActiveCfg = Debug|Any CPU
		{D9363D8C-09F9-46AC-8DB5-E629B44E90FF}.Debug|Any CPU.Build.0 = Debug|Any CPU
		{D9363D8C-09F9-46AC-8DB5-E629B44E90FF}.Release|Any CPU.ActiveCfg = Release|Any CPU
		{D9363D8C-09F9-46AC-8DB5-E629B44E90FF}.Release|Any CPU.Build.0 = Release|Any CPU
		{668A733B-BEE8-442F-BB1F-ECAE5330FFC5}.Debug|Any CPU.ActiveCfg = Debug|Any CPU
		{668A733B-BEE8-442F-BB1F-ECAE5330FFC5}.Debug|Any CPU.Build.0 = Debug|Any CPU
		{668A733B-BEE8-442F-BB1F-ECAE5330FFC5}.Release|Any CPU.ActiveCfg = Release|Any CPU
		{668A733B-BEE8-442F-BB1F-ECAE5330FFC5}.Release|Any CPU.Build.0 = Release|Any CPU
		{B49C3157-F00C-4F6C-AC8A-09F2EAA91939}.Debug|Any CPU.ActiveCfg = Debug|Any CPU
		{B49C3157-F00C-4F6C-AC8A-09F2EAA91939}.Debug|Any CPU.Build.0 = Debug|Any CPU
		{B49C3157-F00C-4F6C-AC8A-09F2EAA91939}.Release|Any CPU.ActiveCfg = Release|Any CPU
		{B49C3157-F00C-4F6C-AC8A-09F2EAA91939}.Release|Any CPU.Build.0 = Release|Any CPU
		{F1989016-B9AA-4AC1-B915-97551440DF6D}.Debug|Any CPU.ActiveCfg = Debug|Any CPU
		{F1989016-B9AA-4AC1-B915-97551440DF6D}.Debug|Any CPU.Build.0 = Debug|Any CPU
		{F1989016-B9AA-4AC1-B915-97551440DF6D}.Release|Any CPU.ActiveCfg = Release|Any CPU
		{F1989016-B9AA-4AC1-B915-97551440DF6D}.Release|Any CPU.Build.0 = Release|Any CPU
		{D9F21C41-E67D-4243-990D-CFB6DAB2CB53}.Debug|Any CPU.ActiveCfg = Debug|Any CPU
		{D9F21C41-E67D-4243-990D-CFB6DAB2CB53}.Debug|Any CPU.Build.0 = Debug|Any CPU
		{D9F21C41-E67D-4243-990D-CFB6DAB2CB53}.Release|Any CPU.ActiveCfg = Release|Any CPU
		{D9F21C41-E67D-4243-990D-CFB6DAB2CB53}.Release|Any CPU.Build.0 = Release|Any CPU
	EndGlobalSection
	GlobalSection(SolutionProperties) = preSolution
		HideSolutionNode = FALSE
	EndGlobalSection
	GlobalSection(NestedProjects) = preSolution
		{8DC3FD33-E9E7-4515-AFC2-9320C792327D} = {25F1D226-B3D7-48F5-9E96-32F6364DE31F}
		{A84556D2-65CC-40A0-8E7D-3838864EAE0C} = {86F1606B-6FC9-4678-8A3B-639D3AF04690}
		{D9363D8C-09F9-46AC-8DB5-E629B44E90FF} = {86F1606B-6FC9-4678-8A3B-639D3AF04690}
		{668A733B-BEE8-442F-BB1F-ECAE5330FFC5} = {15862046-2D5D-4463-AAFC-EECC53E6179A}
		{B49C3157-F00C-4F6C-AC8A-09F2EAA91939} = {F7E2FD1C-6C4E-47E8-AD25-9074D8768E3F}
		{15862046-2D5D-4463-AAFC-EECC53E6179A} = {96E2EA8E-6A24-4E59-926D-105969E15ED1}
		{F7E2FD1C-6C4E-47E8-AD25-9074D8768E3F} = {96E2EA8E-6A24-4E59-926D-105969E15ED1}
		{67847532-C1F1-47C3-9EAB-36CC3F2B6DAB} = {96E2EA8E-6A24-4E59-926D-105969E15ED1}
		{25F1D226-B3D7-48F5-9E96-32F6364DE31F} = {96E2EA8E-6A24-4E59-926D-105969E15ED1}
		{F1989016-B9AA-4AC1-B915-97551440DF6D} = {F7E2FD1C-6C4E-47E8-AD25-9074D8768E3F}
		{D9F21C41-E67D-4243-990D-CFB6DAB2CB53} = {67847532-C1F1-47C3-9EAB-36CC3F2B6DAB}
	EndGlobalSection
	GlobalSection(ExtensibilityGlobals) = postSolution
		SolutionGuid = {C6AF570C-396D-4BF5-90F8-AD984C4D8E12}
	EndGlobalSection
EndGlobal
